
Microsoft Visual Studio Solution File, Format Version 12.00
# Visual Studio Version 16
VisualStudioVersion = 16.0.31402.337
MinimumVisualStudioVersion = 10.0.40219.1
Project("{FAE04EC0-301F-11D3-BF4B-00C04F79EFBC}") = "WebApplication1", "WebApplication1.csproj", "{A5BC79CC-737A-4AFD-924B-36B7AD8342F1}"
EndProject
Global
	GlobalSection(SolutionConfigurationPlatforms) = preSolution
		Debug|Any CPU = Debug|Any CPU
		Release|Any CPU = Release|Any CPU
	EndGlobalSection
	GlobalSection(ProjectConfigurationPlatforms) = postSolution
		{A5BC79CC-737A-4AFD-924B-36B7AD8342F1}.Debug|Any CPU.ActiveCfg = Debug|Any CPU
		{A5BC79CC-737A-4AFD-924B-36B7AD8342F1}.Debug|Any CPU.Build.0 = Debug|Any CPU
		{A5BC79CC-737A-4AFD-924B-36B7AD8342F1}.Release|Any CPU.ActiveCfg = Release|Any CPU
		{A5BC79CC-737A-4AFD-924B-36B7AD8342F1}.Release|Any CPU.Build.0 = Release|Any CPU
	EndGlobalSection
	GlobalSection(SolutionProperties) = preSolution
		HideSolutionNode = FALSE
	EndGlobalSection
	GlobalSection(ExtensibilityGlobals) = postSolution
		SolutionGuid = {DF2A69EA-F0DA-4CD1-9DAD-15876095128F}
	EndGlobalSection
EndGlobal
